PODS:
  - APIKit (5.1.0)
  - Charts (3.6.0):
    - Charts/Core (= 3.6.0)
  - Charts/Core (3.6.0)
  - IBAnimatable (6.1.0)
  - Koloda (5.0.1):
    - pop (~> 1.0)
  - NVActivityIndicatorView (5.1.1):
    - NVActivityIndicatorView/Base (= 5.1.1)
  - NVActivityIndicatorView/Base (5.1.1)
  - ObjcExceptionBridging (1.0.1):
    - ObjcExceptionBridging/ObjcExceptionBridging (= 1.0.1)
  - ObjcExceptionBridging/ObjcExceptionBridging (1.0.1)
  - ObjectMapper (4.2.0)
  - PKHUD (5.3.0)
  - pop (1.0.12)
  - R.swift (5.3.0):
    - R.swift.Library (~> 5.3.0)
  - R.swift.Library (5.3.0)
  - RAMAnimatedTabBarController (5.2.0)
  - RxCocoa (5.1.1):
    - RxRelay (~> 5)
    - RxSwift (~> 5)
  - RxRelay (5.1.1):
    - RxSwift (~> 5)
  - RxSwift (5.1.1)
  - SCLAlertView (0.8)
  - SwiftDate (6.2.0)
  - SwiftyJSON (5.0.0)
  - XCGLogger (7.0.1):
    - XCGLogger/Core (= 7.0.1)
  - XCGLogger/Core (7.0.1):
    - ObjcExceptionBridging

DEPENDENCIES:
  - APIKit (~> 5.0)
  - Charts
  - IBAnimatable
  - Koloda
  - NVActivityIndicatorView
  - ObjectMapper
  - PKHUD (~> 5.0)
  - R.swift
  - RAMAnimatedTabBarController
  - RxCocoa
  - RxSwift
  - SCLAlertView
  - SwiftDate
  - SwiftyJSON
  - XCGLogger

SPEC REPOS:
  trunk:
    - APIKit
    - Charts
    - IBAnimatable
    - Koloda
    - NVActivityIndicatorView
    - ObjcExceptionBridging
    - ObjectMapper
    - PKHUD
    - pop
    - R.swift
    - R.swift.Library
    - RAMAnimatedTabBarController
    - RxCocoa
    - RxRelay
    - RxSwift
    - SCLAlertView
    - SwiftDate
    - SwiftyJSON
    - XCGLogger

SPEC CHECKSUMS:
  APIKit: 9e1a4069608bf0ae5238811e6cfc26928ad4d01e
  Charts: b1e3a1f5a1c9ba5394438ca3b91bd8c9076310af
  IBAnimatable: 99dddd4c0625884a301ba3ecbc1615f8a390368e
  Koloda: d07b9199a383abc5898b62aa945a599f5e7c0c4b
  NVActivityIndicatorView: 1f6c5687f1171810aa27a3296814dc2d7dec3667
  ObjcExceptionBridging: c30e00eb3700467e695faeea30e26e18bd445001
  ObjectMapper: 1eb41f610210777375fa806bf161dc39fb832b81
  PKHUD: 98f3e4bc904b9c916f1c5bb6d765365b5357291b
  pop: d582054913807fd11fd50bfe6a539d91c7e1a55a
  R.swift: 4170fb7161c67be3bc1a847040b79367d69c419f
  R.swift.Library: 0fc583cb55a99e28901299cc451614cad1161962
  RAMAnimatedTabBarController: 6863a386e7ae2ab227cd60aa73ab8ff56cdacfdd
  RxCocoa: 32065309a38d29b5b0db858819b5bf9ef038b601
  RxRelay: d77f7d771495f43c556cbc43eebd1bb54d01e8e9
  RxSwift: 81470a2074fa8780320ea5fe4102807cb7118178
  SCLAlertView: 6a77bb2edfc65e04dbe57725546cb4107a506b85
  SwiftDate: d117c3eb6beed72e47d3f4d1e3bc63fa1e66d7c3
  SwiftyJSON: 36413e04c44ee145039d332b4f4e2d3e8d6c4db7
  XCGLogger: 1943831ef907df55108b0b18657953f868de973b

PODFILE CHECKSUM: 17ce1a2d317e8d7f23a84451b9c146c9a6ae3268

COCOAPODS: 1.10.0
